
Microsoft Visual Studio Solution File, Format Version 12.00
Project("{2150E333-8FDC-42A3-9474-1A3956D46DE8}") = "Server", "Server", "{B2C66D02-83B9-467A-B0E3-E2F7F000FBE2}"
EndProject
Project("{FAE04EC0-301F-11D3-BF4B-00C04F79EFBC}") = "Entities", "Server\Entities\Entities.csproj", "{E3F6F3AE-0EEB-462C-9EDF-C057B6F569D5}"
EndProject
Project("{FAE04EC0-301F-11D3-BF4B-00C04F79EFBC}") = "InMemoryRepositories", "Server\InMemoryRepositories\InMemoryRepositories.csproj", "{D27868F9-4C92-4D5F-BF74-F174A835DE9B}"
EndProject
Project("{FAE04EC0-301F-11D3-BF4B-00C04F79EFBC}") = "RepositoryContracts", "Server\RepositoryContracts\RepositoryContracts.csproj", "{EAC7D448-CB6F-457C-82B5-A8026D58D598}"
EndProject
Global
	GlobalSection(SolutionConfigurationPlatforms) = preSolution
		Debug|Any CPU = Debug|Any CPU
		Release|Any CPU = Release|Any CPU
	EndGlobalSection
	GlobalSection(ProjectConfigurationPlatforms) = postSolution
		{E3F6F3AE-0EEB-462C-9EDF-C057B6F569D5}.Debug|Any CPU.ActiveCfg = Debug|Any CPU
		{E3F6F3AE-0EEB-462C-9EDF-C057B6F569D5}.Debug|Any CPU.Build.0 = Debug|Any CPU
		{E3F6F3AE-0EEB-462C-9EDF-C057B6F569D5}.Release|Any CPU.ActiveCfg = Release|Any CPU
		{E3F6F3AE-0EEB-462C-9EDF-C057B6F569D5}.Release|Any CPU.Build.0 = Release|Any CPU
		{D27868F9-4C92-4D5F-BF74-F174A835DE9B}.Debug|Any CPU.ActiveCfg = Debug|Any CPU
		{D27868F9-4C92-4D5F-BF74-F174A835DE9B}.Debug|Any CPU.Build.0 = Debug|Any CPU
		{D27868F9-4C92-4D5F-BF74-F174A835DE9B}.Release|Any CPU.ActiveCfg = Release|Any CPU
		{D27868F9-4C92-4D5F-BF74-F174A835DE9B}.Release|Any CPU.Build.0 = Release|Any CPU
		{EAC7D448-CB6F-457C-82B5-A8026D58D598}.Debug|Any CPU.ActiveCfg = Debug|Any CPU
		{EAC7D448-CB6F-457C-82B5-A8026D58D598}.Debug|Any CPU.Build.0 = Debug|Any CPU
		{EAC7D448-CB6F-457C-82B5-A8026D58D598}.Release|Any CPU.ActiveCfg = Release|Any CPU
		{EAC7D448-CB6F-457C-82B5-A8026D58D598}.Release|Any CPU.Build.0 = Release|Any CPU
	EndGlobalSection
	GlobalSection(NestedProjects) = preSolution
		{E3F6F3AE-0EEB-462C-9EDF-C057B6F569D5} = {B2C66D02-83B9-467A-B0E3-E2F7F000FBE2}
		{D27868F9-4C92-4D5F-BF74-F174A835DE9B} = {B2C66D02-83B9-467A-B0E3-E2F7F000FBE2}
		{EAC7D448-CB6F-457C-82B5-A8026D58D598} = {B2C66D02-83B9-467A-B0E3-E2F7F000FBE2}
	EndGlobalSection
EndGlobal
